// !$*UTF8*$!
{
	archiveVersion = 1;
	classes = {
	};
	objectVersion = 46;
	objects = {

/* Begin PBXBuildFile section */
		D9387D571EADE24800C45C79 /* GMTableView.m in Sources */ = {isa = PBXBuildFile; fileRef = D9387D561EADE24800C45C79 /* GMTableView.m */; };
		D9387D5A1EADE66D00C45C79 /* GMSwizzledUtility.m in Sources */ = {isa = PBXBuildFile; fileRef = D9387D591EADE66D00C45C79 /* GMSwizzledUtility.m */; };
		D958CCDC1EAE121D00CFB4A2 /* ButtonSwizzlingController.m in Sources */ = {isa = PBXBuildFile; fileRef = D958CCD11EAE121D00CFB4A2 /* ButtonSwizzlingController.m */; };
		D958CCDD1EAE121D00CFB4A2 /* ViewSwizzlingController.m in Sources */ = {isa = PBXBuildFile; fileRef = D958CCD31EAE121D00CFB4A2 /* ViewSwizzlingController.m */; };
		D958CCDE1EAE121D00CFB4A2 /* GestureRecognizerController.m in Sources */ = {isa = PBXBuildFile; fileRef = D958CCD51EAE121D00CFB4A2 /* GestureRecognizerController.m */; };
		D958CCDF1EAE121D00CFB4A2 /* MainViewController.m in Sources */ = {isa = PBXBuildFile; fileRef = D958CCD71EAE121D00CFB4A2 /* MainViewController.m */; };
		D958CCE01EAE121D00CFB4A2 /* TableSwizzlingController.m in Sources */ = {isa = PBXBuildFile; fileRef = D958CCD91EAE121D00CFB4A2 /* TableSwizzlingController.m */; };
		D958CCE11EAE121D00CFB4A2 /* ThirdViewController.m in Sources */ = {isa = PBXBuildFile; fileRef = D958CCDB1EAE121D00CFB4A2 /* ThirdViewController.m */; };
		D958CCF11EAE122700CFB4A2 /* UIApplication+Swizzling.m in Sources */ = {isa = PBXBuildFile; fileRef = D958CCE41EAE122700CFB4A2 /* UIApplication+Swizzling.m */; };
		D958CCF21EAE122700CFB4A2 /* UIControl+Swizzling.m in Sources */ = {isa = PBXBuildFile; fileRef = D958CCE61EAE122700CFB4A2 /* UIControl+Swizzling.m */; };
		D958CCF31EAE122700CFB4A2 /* UIGestureRecognizer+Swizzling.m in Sources */ = {isa = PBXBuildFile; fileRef = D958CCE81EAE122700CFB4A2 /* UIGestureRecognizer+Swizzling.m */; };
		D958CCF41EAE122700CFB4A2 /* UIResponder+Swizzling.m in Sources */ = {isa = PBXBuildFile; fileRef = D958CCEA1EAE122700CFB4A2 /* UIResponder+Swizzling.m */; };
		D958CCF51EAE122700CFB4A2 /* UITableView+Swizzling.m in Sources */ = {isa = PBXBuildFile; fileRef = D958CCEC1EAE122700CFB4A2 /* UITableView+Swizzling.m */; };
		D958CCF61EAE122700CFB4A2 /* UIView+Swizzling.m in Sources */ = {isa = PBXBuildFile; fileRef = D958CCEE1EAE122700CFB4A2 /* UIView+Swizzling.m */; };
		D958CCF71EAE122700CFB4A2 /* UIWindow+Swizzling.m in Sources */ = {isa = PBXBuildFile; fileRef = D958CCF01EAE122700CFB4A2 /* UIWindow+Swizzling.m */; };
		D958CCFA1EAE12BF00CFB4A2 /* BaseViewController.m in Sources */ = {isa = PBXBuildFile; fileRef = D958CCF91EAE12BF00CFB4A2 /* BaseViewController.m */; };
		D958CCFD1EAE1A1500CFB4A2 /* GMSwizzliedManager.m in Sources */ = {isa = PBXBuildFile; fileRef = D958CCFC1EAE1A1500CFB4A2 /* GMSwizzliedManager.m */; };
		D958CD001EAE264C00CFB4A2 /* NSObject+KVCExceptionHandler.m in Sources */ = {isa = PBXBuildFile; fileRef = D958CCFF1EAE264C00CFB4A2 /* NSObject+KVCExceptionHandler.m */; };
		D9CB58BE1C7D9464004FBD98 /* main.m in Sources */ = {isa = PBXBuildFile; fileRef = D9CB58BD1C7D9464004FBD98 /* main.m */; };
		D9CB58C11C7D9464004FBD98 /* AppDelegate.m in Sources */ = {isa = PBXBuildFile; fileRef = D9CB58C01C7D9464004FBD98 /* AppDelegate.m */; };
		D9CB58C91C7D9464004FBD98 /* Assets.xcassets in Resources */ = {isa = PBXBuildFile; fileRef = D9CB58C81C7D9464004FBD98 /* Assets.xcassets */; };
		D9CB58CC1C7D9464004FBD98 /* LaunchScreen.storyboard in Resources */ = {isa = PBXBuildFile; fileRef = D9CB58CA1C7D9464004FBD98 /* LaunchScreen.storyboard */; };
/* End PBXBuildFile section */

/* Begin PBXFileReference section */
		D9387D551EADE24800C45C79 /* GMTableView.h */ = {isa = PBXFileReference; fileEncoding = 4; lastKnownFileType = sourcecode.c.h; path = GMTableView.h; sourceTree = "<group>"; };
		D9387D561EADE24800C45C79 /* GMTableView.m */ = {isa = PBXFileReference; fileEncoding = 4; lastKnownFileType = sourcecode.c.objc; path = GMTableView.m; sourceTree = "<group>"; };
		D9387D581EADE66D00C45C79 /* GMSwizzledUtility.h */ = {isa = PBXFileReference; fileEncoding = 4; lastKnownFileType = sourcecode.c.h; path = GMSwizzledUtility.h; sourceTree = "<group>"; };
		D9387D591EADE66D00C45C79 /* GMSwizzledUtility.m */ = {isa = PBXFileReference; fileEncoding = 4; lastKnownFileType = sourcecode.c.objc; path = GMSwizzledUtility.m; sourceTree = "<group>"; };
		D958CCD01EAE121D00CFB4A2 /* ButtonSwizzlingController.h */ = {isa = PBXFileReference; fileEncoding = 4; lastKnownFileType = sourcecode.c.h; path = ButtonSwizzlingController.h; sourceTree = "<group>"; };
		D958CCD11EAE121D00CFB4A2 /* ButtonSwizzlingController.m */ = {isa = PBXFileReference; fileEncoding = 4; lastKnownFileType = sourcecode.c.objc; path = ButtonSwizzlingController.m; sourceTree = "<group>"; };
		D958CCD21EAE121D00CFB4A2 /* ViewSwizzlingController.h */ = {isa = PBXFileReference; fileEncoding = 4; lastKnownFileType = sourcecode.c.h; path = ViewSwizzlingController.h; sourceTree = "<group>"; };
		D958CCD31EAE121D00CFB4A2 /* ViewSwizzlingController.m */ = {isa = PBXFileReference; fileEncoding = 4; lastKnownFileType = sourcecode.c.objc; path = ViewSwizzlingController.m; sourceTree = "<group>"; };
		D958CCD41EAE121D00CFB4A2 /* GestureRecognizerController.h */ = {isa = PBXFileReference; fileEncoding = 4; lastKnownFileType = sourcecode.c.h; path = GestureRecognizerController.h; sourceTree = "<group>"; };
		D958CCD51EAE121D00CFB4A2 /* GestureRecognizerController.m */ = {isa = PBXFileReference; fileEncoding = 4; lastKnownFileType = sourcecode.c.objc; path = GestureRecognizerController.m; sourceTree = "<group>"; };
		D958CCD61EAE121D00CFB4A2 /* MainViewController.h */ = {isa = PBXFileReference; fileEncoding = 4; lastKnownFileType = sourcecode.c.h; path = MainViewController.h; sourceTree = "<group>"; };
		D958CCD71EAE121D00CFB4A2 /* MainViewController.m */ = {isa = PBXFileReference; fileEncoding = 4; lastKnownFileType = sourcecode.c.objc; path = MainViewController.m; sourceTree = "<group>"; };
		D958CCD81EAE121D00CFB4A2 /* TableSwizzlingController.h */ = {isa = PBXFileReference; fileEncoding = 4; lastKnownFileType = sourcecode.c.h; path = TableSwizzlingController.h; sourceTree = "<group>"; };
		D958CCD91EAE121D00CFB4A2 /* TableSwizzlingController.m */ = {isa = PBXFileReference; fileEncoding = 4; lastKnownFileType = sourcecode.c.objc; path = TableSwizzlingController.m; sourceTree = "<group>"; };
		D958CCDA1EAE121D00CFB4A2 /* ThirdViewController.h */ = {isa = PBXFileReference; fileEncoding = 4; lastKnownFileType = sourcecode.c.h; path = ThirdViewController.h; sourceTree = "<group>"; };
		D958CCDB1EAE121D00CFB4A2 /* ThirdViewController.m */ = {isa = PBXFileReference; fileEncoding = 4; lastKnownFileType = sourcecode.c.objc; path = ThirdViewController.m; sourceTree = "<group>"; };
		D958CCE31EAE122700CFB4A2 /* UIApplication+Swizzling.h */ = {isa = PBXFileReference; fileEncoding = 4; lastKnownFileType = sourcecode.c.h; path = "UIApplication+Swizzling.h"; sourceTree = "<group>"; };
		D958CCE41EAE122700CFB4A2 /* UIApplication+Swizzling.m */ = {isa = PBXFileReference; fileEncoding = 4; lastKnownFileType = sourcecode.c.objc; path = "UIApplication+Swizzling.m"; sourceTree = "<group>"; };
		D958CCE51EAE122700CFB4A2 /* UIControl+Swizzling.h */ = {isa = PBXFileReference; fileEncoding = 4; lastKnownFileType = sourcecode.c.h; path = "UIControl+Swizzling.h"; sourceTree = "<group>"; };
		D958CCE61EAE122700CFB4A2 /* UIControl+Swizzling.m */ = {isa = PBXFileReference; fileEncoding = 4; lastKnownFileType = sourcecode.c.objc; path = "UIControl+Swizzling.m"; sourceTree = "<group>"; };
		D958CCE71EAE122700CFB4A2 /* UIGestureRecognizer+Swizzling.h */ = {isa = PBXFileReference; fileEncoding = 4; lastKnownFileType = sourcecode.c.h; path = "UIGestureRecognizer+Swizzling.h"; sourceTree = "<group>"; };
		D958CCE81EAE122700CFB4A2 /* UIGestureRecognizer+Swizzling.m */ = {isa = PBXFileReference; fileEncoding = 4; lastKnownFileType = sourcecode.c.objc; path = "UIGestureRecognizer+Swizzling.m"; sourceTree = "<group>"; };
		D958CCE91EAE122700CFB4A2 /* UIResponder+Swizzling.h */ = {isa = PBXFileReference; fileEncoding = 4; lastKnownFileType = sourcecode.c.h; path = "UIResponder+Swizzling.h"; sourceTree = "<group>"; };
		D958CCEA1EAE122700CFB4A2 /* UIResponder+Swizzling.m */ = {isa = PBXFileReference; fileEncoding = 4; lastKnownFileType = sourcecode.c.objc; path = "UIResponder+Swizzling.m"; sourceTree = "<group>"; };
		D958CCEB1EAE122700CFB4A2 /* UITableView+Swizzling.h */ = {isa = PBXFileReference; fileEncoding = 4; lastKnownFileType = sourcecode.c.h; path = "UITableView+Swizzling.h"; sourceTree = "<group>"; };
		D958CCEC1EAE122700CFB4A2 /* UITableView+Swizzling.m */ = {isa = PBXFileReference; fileEncoding = 4; lastKnownFileType = sourcecode.c.objc; path = "UITableView+Swizzling.m"; sourceTree = "<group>"; };
		D958CCED1EAE122700CFB4A2 /* UIView+Swizzling.h */ = {isa = PBXFileReference; fileEncoding = 4; lastKnownFileType = sourcecode.c.h; path = "UIView+Swizzling.h"; sourceTree = "<group>"; };
		D958CCEE1EAE122700CFB4A2 /* UIView+Swizzling.m */ = {isa = PBXFileReference; fileEncoding = 4; lastKnownFileType = sourcecode.c.objc; path = "UIView+Swizzling.m"; sourceTree = "<group>"; };
		D958CCEF1EAE122700CFB4A2 /* UIWindow+Swizzling.h */ = {isa = PBXFileReference; fileEncoding = 4; lastKnownFileType = sourcecode.c.h; path = "UIWindow+Swizzling.h"; sourceTree = "<group>"; };
		D958CCF01EAE122700CFB4A2 /* UIWindow+Swizzling.m */ = {isa = PBXFileReference; fileEncoding = 4; lastKnownFileType = sourcecode.c.objc; path = "UIWindow+Swizzling.m"; sourceTree = "<group>"; };
		D958CCF81EAE12BF00CFB4A2 /* BaseViewController.h */ = {isa = PBXFileReference; fileEncoding = 4; lastKnownFileType = sourcecode.c.h; path = BaseViewController.h; sourceTree = "<group>"; };
		D958CCF91EAE12BF00CFB4A2 /* BaseViewController.m */ = {isa = PBXFileReference; fileEncoding = 4; lastKnownFileType = sourcecode.c.objc; path = BaseViewController.m; sourceTree = "<group>"; };
		D958CCFB1EAE1A1500CFB4A2 /* GMSwizzliedManager.h */ = {isa = PBXFileReference; fileEncoding = 4; lastKnownFileType = sourcecode.c.h; path = GMSwizzliedManager.h; sourceTree = "<group>"; };
		D958CCFC1EAE1A1500CFB4A2 /* GMSwizzliedManager.m */ = {isa = PBXFileReference; fileEncoding = 4; lastKnownFileType = sourcecode.c.objc; path = GMSwizzliedManager.m; sourceTree = "<group>"; };
		D958CCFE1EAE264C00CFB4A2 /* NSObject+KVCExceptionHandler.h */ = {isa = PBXFileReference; fileEncoding = 4; lastKnownFileType = sourcecode.c.h; path = "NSObject+KVCExceptionHandler.h"; sourceTree = "<group>"; };
		D958CCFF1EAE264C00CFB4A2 /* NSObject+KVCExceptionHandler.m */ = {isa = PBXFileReference; fileEncoding = 4; lastKnownFileType = sourcecode.c.objc; path = "NSObject+KVCExceptionHandler.m"; sourceTree = "<group>"; };
		D9CB58B91C7D9464004FBD98 /* MethodSwizzling.app */ = {isa = PBXFileReference; explicitFileType = wrapper.application; includeInIndex = 0; path = MethodSwizzling.app; sourceTree = BUILT_PRODUCTS_DIR; };
		D9CB58BD1C7D9464004FBD98 /* main.m */ = {isa = PBXFileReference; lastKnownFileType = sourcecode.c.objc; path = main.m; sourceTree = "<group>"; };
		D9CB58BF1C7D9464004FBD98 /* AppDelegate.h */ = {isa = PBXFileReference; lastKnownFileType = sourcecode.c.h; path = AppDelegate.h; sourceTree = "<group>"; };
		D9CB58C01C7D9464004FBD98 /* AppDelegate.m */ = {isa = PBXFileReference; lastKnownFileType = sourcecode.c.objc; path = AppDelegate.m; sourceTree = "<group>"; };
		D9CB58C81C7D9464004FBD98 /* Assets.xcassets */ = {isa = PBXFileReference; lastKnownFileType = folder.assetcatalog; path = Assets.xcassets; sourceTree = "<group>"; };
		D9CB58CB1C7D9464004FBD98 /* Base */ = {isa = PBXFileReference; lastKnownFileType = file.storyboard; name = Base; path = Base.lproj/LaunchScreen.storyboard; sourceTree = "<group>"; };
		D9CB58CD1C7D9464004FBD98 /* Info.plist */ = {isa = PBXFileReference; lastKnownFileType = text.plist.xml; path = Info.plist; sourceTree = "<group>"; };
/* End PBXFileReference section */

/* Begin PBXFrameworksBuildPhase section */
		D9CB58B61C7D9464004FBD98 /* Frameworks */ = {
			isa = PBXFrameworksBuildPhase;
			buildActionMask = 2147483647;
			files = (
			);
			runOnlyForDeploymentPostprocessing = 0;
		};
/* End PBXFrameworksBuildPhase section */

/* Begin PBXGroup section */
		D958CCCF1EAE121D00CFB4A2 /* ViewController */ = {
			isa = PBXGroup;
			children = (
				D958CCD61EAE121D00CFB4A2 /* MainViewController.h */,
				D958CCD71EAE121D00CFB4A2 /* MainViewController.m */,
				D958CCD81EAE121D00CFB4A2 /* TableSwizzlingController.h */,
				D958CCD91EAE121D00CFB4A2 /* TableSwizzlingController.m */,
				D958CCD01EAE121D00CFB4A2 /* ButtonSwizzlingController.h */,
				D958CCD11EAE121D00CFB4A2 /* ButtonSwizzlingController.m */,
				D958CCD21EAE121D00CFB4A2 /* ViewSwizzlingController.h */,
				D958CCD31EAE121D00CFB4A2 /* ViewSwizzlingController.m */,
				D958CCD41EAE121D00CFB4A2 /* GestureRecognizerController.h */,
				D958CCD51EAE121D00CFB4A2 /* GestureRecognizerController.m */,
				D958CCDA1EAE121D00CFB4A2 /* ThirdViewController.h */,
				D958CCDB1EAE121D00CFB4A2 /* ThirdViewController.m */,
				D958CCF81EAE12BF00CFB4A2 /* BaseViewController.h */,
				D958CCF91EAE12BF00CFB4A2 /* BaseViewController.m */,
			);
			path = ViewController;
			sourceTree = "<group>";
		};
		D958CCE21EAE122700CFB4A2 /* Category */ = {
			isa = PBXGroup;
			children = (
				D958CCFE1EAE264C00CFB4A2 /* NSObject+KVCExceptionHandler.h */,
				D958CCFF1EAE264C00CFB4A2 /* NSObject+KVCExceptionHandler.m */,
				D958CCE31EAE122700CFB4A2 /* UIApplication+Swizzling.h */,
				D958CCE41EAE122700CFB4A2 /* UIApplication+Swizzling.m */,
				D958CCEB1EAE122700CFB4A2 /* UITableView+Swizzling.h */,
				D958CCEC1EAE122700CFB4A2 /* UITableView+Swizzling.m */,
				D958CCE71EAE122700CFB4A2 /* UIGestureRecognizer+Swizzling.h */,
				D958CCE81EAE122700CFB4A2 /* UIGestureRecognizer+Swizzling.m */,
				D958CCE51EAE122700CFB4A2 /* UIControl+Swizzling.h */,
				D958CCE61EAE122700CFB4A2 /* UIControl+Swizzling.m */,
				D958CCE91EAE122700CFB4A2 /* UIResponder+Swizzling.h */,
				D958CCEA1EAE122700CFB4A2 /* UIResponder+Swizzling.m */,
				D958CCED1EAE122700CFB4A2 /* UIView+Swizzling.h */,
				D958CCEE1EAE122700CFB4A2 /* UIView+Swizzling.m */,
				D958CCEF1EAE122700CFB4A2 /* UIWindow+Swizzling.h */,
				D958CCF01EAE122700CFB4A2 /* UIWindow+Swizzling.m */,
			);
			path = Category;
			sourceTree = "<group>";
		};
		D9CB58B01C7D9464004FBD98 = {
			isa = PBXGroup;
			children = (
				D9CB58BB1C7D9464004FBD98 /* MethodSwizzling */,
				D9CB58BA1C7D9464004FBD98 /* Products */,
			);
			sourceTree = "<group>";
		};
		D9CB58BA1C7D9464004FBD98 /* Products */ = {
			isa = PBXGroup;
			children = (
				D9CB58B91C7D9464004FBD98 /* MethodSwizzling.app */,
			);
			name = Products;
			sourceTree = "<group>";
		};
		D9CB58BB1C7D9464004FBD98 /* MethodSwizzling */ = {
			isa = PBXGroup;
			children = (
				D9CB58BF1C7D9464004FBD98 /* AppDelegate.h */,
				D9CB58C01C7D9464004FBD98 /* AppDelegate.m */,
				D9387D551EADE24800C45C79 /* GMTableView.h */,
				D9387D561EADE24800C45C79 /* GMTableView.m */,
				D9387D581EADE66D00C45C79 /* GMSwizzledUtility.h */,
				D9387D591EADE66D00C45C79 /* GMSwizzledUtility.m */,
				D958CCFB1EAE1A1500CFB4A2 /* GMSwizzliedManager.h */,
				D958CCFC1EAE1A1500CFB4A2 /* GMSwizzliedManager.m */,
				D958CCCF1EAE121D00CFB4A2 /* ViewController */,
				D958CCE21EAE122700CFB4A2 /* Category */,
				D9CB58C81C7D9464004FBD98 /* Assets.xcassets */,
				D9CB58CA1C7D9464004FBD98 /* LaunchScreen.storyboard */,
				D9CB58CD1C7D9464004FBD98 /* Info.plist */,
				D9CB58BC1C7D9464004FBD98 /* Supporting Files */,
			);
			path = MethodSwizzling;
			sourceTree = "<group>";
		};
		D9CB58BC1C7D9464004FBD98 /* Supporting Files */ = {
			isa = PBXGroup;
			children = (
				D9CB58BD1C7D9464004FBD98 /* main.m */,
			);
			name = "Supporting Files";
			sourceTree = "<group>";
		};
/* End PBXGroup section */

/* Begin PBXNativeTarget section */
		D9CB58B81C7D9464004FBD98 /* MethodSwizzling */ = {
			isa = PBXNativeTarget;
			buildConfigurationList = D9CB58D01C7D9464004FBD98 /* Build configuration list for PBXNativeTarget "MethodSwizzling" */;
			buildPhases = (
				D9CB58B51C7D9464004FBD98 /* Sources */,
				D9CB58B61C7D9464004FBD98 /* Frameworks */,
				D9CB58B71C7D9464004FBD98 /* Resources */,
			);
			buildRules = (
			);
			dependencies = (
			);
			name = MethodSwizzling;
			productName = MethodSwizzling;
			productReference = D9CB58B91C7D9464004FBD98 /* MethodSwizzling.app */;
			productType = "com.apple.product-type.application";
		};
/* End PBXNativeTarget section */

/* Begin PBXProject section */
		D9CB58B11C7D9464004FBD98 /* Project object */ = {
			isa = PBXProject;
			attributes = {
				LastUpgradeCheck = 0720;
				ORGANIZATIONNAME = "Sean Lee";
				TargetAttributes = {
					D9CB58B81C7D9464004FBD98 = {
						CreatedOnToolsVersion = 7.2.1;
					};
				};
			};
			buildConfigurationList = D9CB58B41C7D9464004FBD98 /* Build configuration list for PBXProject "MethodSwizzling" */;
			compatibilityVersion = "Xcode 3.2";
			developmentRegion = English;
			hasScannedForEncodings = 0;
			knownRegions = (
				en,
				Base,
			);
			mainGroup = D9CB58B01C7D9464004FBD98;
			productRefGroup = D9CB58BA1C7D9464004FBD98 /* Products */;
			projectDirPath = "";
			projectRoot = "";
			targets = (
				D9CB58B81C7D9464004FBD98 /* MethodSwizzling */,
			);
		};
/* End PBXProject section */

/* Begin PBXResourcesBuildPhase section */
		D9CB58B71C7D9464004FBD98 /* Resources */ = {
			isa = PBXResourcesBuildPhase;
			buildActionMask = 2147483647;
			files = (
				D9CB58CC1C7D9464004FBD98 /* LaunchScreen.storyboard in Resources */,
				D9CB58C91C7D9464004FBD98 /* Assets.xcassets in Resources */,
			);
			runOnlyForDeploymentPostprocessing = 0;
		};
/* End PBXResourcesBuildPhase section */

/* Begin PBXSourcesBuildPhase section */
		D9CB58B51C7D9464004FBD98 /* Sources */ = {
			isa = PBXSourcesBuildPhase;
			buildActionMask = 2147483647;
			files = (
				D958CCF11EAE122700CFB4A2 /* UIApplication+Swizzling.m in Sources */,
				D958CCFA1EAE12BF00CFB4A2 /* BaseViewController.m in Sources */,
				D958CCE11EAE121D00CFB4A2 /* ThirdViewController.m in Sources */,
				D9387D5A1EADE66D00C45C79 /* GMSwizzledUtility.m in Sources */,
				D958CCF51EAE122700CFB4A2 /* UITableView+Swizzling.m in Sources */,
				D958CD001EAE264C00CFB4A2 /* NSObject+KVCExceptionHandler.m in Sources */,
				D958CCDC1EAE121D00CFB4A2 /* ButtonSwizzlingController.m in Sources */,
				D958CCDE1EAE121D00CFB4A2 /* GestureRecognizerController.m in Sources */,
				D9387D571EADE24800C45C79 /* GMTableView.m in Sources */,
				D958CCF31EAE122700CFB4A2 /* UIGestureRecognizer+Swizzling.m in Sources */,
				D958CCDD1EAE121D00CFB4A2 /* ViewSwizzlingController.m in Sources */,
				D958CCF71EAE122700CFB4A2 /* UIWindow+Swizzling.m in Sources */,
				D958CCDF1EAE121D00CFB4A2 /* MainViewController.m in Sources */,
				D958CCE01EAE121D00CFB4A2 /* TableSwizzlingController.m in Sources */,
				D958CCF61EAE122700CFB4A2 /* UIView+Swizzling.m in Sources */,
				D9CB58C11C7D9464004FBD98 /* AppDelegate.m in Sources */,
				D9CB58BE1C7D9464004FBD98 /* main.m in Sources */,
				D958CCF41EAE122700CFB4A2 /* UIResponder+Swizzling.m in Sources */,
				D958CCFD1EAE1A1500CFB4A2 /* GMSwizzliedManager.m in Sources */,
				D958CCF21EAE122700CFB4A2 /* UIControl+Swizzling.m in Sources */,
			);
			runOnlyForDeploymentPostprocessing = 0;
		};
/* End PBXSourcesBuildPhase section */

/* Begin PBXVariantGroup section */
		D9CB58CA1C7D9464004FBD98 /* LaunchScreen.storyboard */ = {
			isa = PBXVariantGroup;
			children = (
				D9CB58CB1C7D9464004FBD98 /* Base */,
			);
			name = LaunchScreen.storyboard;
			sourceTree = "<group>";
		};
/* End PBXVariantGroup section */

/* Begin XCBuildConfiguration section */
		D9CB58CE1C7D9464004FBD98 /* Debug */ = {
			isa = XCBuildConfiguration;
			buildSettings = {
				ALWAYS_SEARCH_USER_PATHS = NO;
				CLANG_CXX_LANGUAGE_STANDARD = "gnu++0x";
				CLANG_CXX_LIBRARY = "libc++";
				CLANG_ENABLE_MODULES = YES;
				CLANG_ENABLE_OBJC_ARC = YES;
				CLANG_WARN_BOOL_CONVERSION = YES;
				CLANG_WARN_CONSTANT_CONVERSION = YES;
				CLANG_WARN_DIRECT_OBJC_ISA_USAGE = YES_ERROR;
				CLANG_WARN_EMPTY_BODY = YES;
				CLANG_WARN_ENUM_CONVERSION = YES;
				CLANG_WARN_INT_CONVERSION = YES;
				CLANG_WARN_OBJC_ROOT_CLASS = YES_ERROR;
				CLANG_WARN_UNREACHABLE_CODE = YES;
				CLANG_WARN__DUPLICATE_METHOD_MATCH = YES;
				"CODE_SIGN_IDENTITY[sdk=iphoneos*]" = "iPhone Developer";
				COPY_PHASE_STRIP = NO;
				DEBUG_INFORMATION_FORMAT = dwarf;
				ENABLE_STRICT_OBJC_MSGSEND = YES;
				ENABLE_TESTABILITY = YES;
				GCC_C_LANGUAGE_STANDARD = gnu99;
				GCC_DYNAMIC_NO_PIC = NO;
				GCC_NO_COMMON_BLOCKS = YES;
				GCC_OPTIMIZATION_LEVEL = 0;
				GCC_PREPROCESSOR_DEFINITIONS = (
					"DEBUG=1",
					"$(inherited)",
				);
				GCC_WARN_64_TO_32_BIT_CONVERSION = YES;
				GCC_WARN_ABOUT_RETURN_TYPE = YES_ERROR;
				GCC_WARN_UNDECLARED_SELECTOR = YES;
				GCC_WARN_UNINITIALIZED_AUTOS = YES_AGGRESSIVE;
				GCC_WARN_UNUSED_FUNCTION = YES;
				GCC_WARN_UNUSED_VARIABLE = YES;
				IPHONEOS_DEPLOYMENT_TARGET = 9.2;
				MTL_ENABLE_DEBUG_INFO = YES;
				ONLY_ACTIVE_ARCH = YES;
				SDKROOT = iphoneos;
				TARGETED_DEVICE_FAMILY = "1,2";
			};
			name = Debug;
		};
		D9CB58CF1C7D9464004FBD98 /* Release */ = {
			isa = XCBuildConfiguration;
			buildSettings = {
				ALWAYS_SEARCH_USER_PATHS = NO;
				CLANG_CXX_LANGUAGE_STANDARD = "gnu++0x";
				CLANG_CXX_LIBRARY = "libc++";
				CLANG_ENABLE_MODULES = YES;
				CLANG_ENABLE_OBJC_ARC = YES;
				CLANG_WARN_BOOL_CONVERSION = YES;
				CLANG_WARN_CONSTANT_CONVERSION = YES;
				CLANG_WARN_DIRECT_OBJC_ISA_USAGE = YES_ERROR;
				CLANG_WARN_EMPTY_BODY = YES;
				CLANG_WARN_ENUM_CONVERSION = YES;
				CLANG_WARN_INT_CONVERSION = YES;
				CLANG_WARN_OBJC_ROOT_CLASS = YES_ERROR;
				CLANG_WARN_UNREACHABLE_CODE = YES;
				CLANG_WARN__DUPLICATE_METHOD_MATCH = YES;
				"CODE_SIGN_IDENTITY[sdk=iphoneos*]" = "iPhone Developer";
				COPY_PHASE_STRIP = NO;
				DEBUG_INFORMATION_FORMAT = "dwarf-with-dsym";
				ENABLE_NS_ASSERTIONS = NO;
				ENABLE_STRICT_OBJC_MSGSEND = YES;
				GCC_C_LANGUAGE_STANDARD = gnu99;
				GCC_NO_COMMON_BLOCKS = YES;
				GCC_WARN_64_TO_32_BIT_CONVERSION = YES;
				GCC_WARN_ABOUT_RETURN_TYPE = YES_ERROR;
				GCC_WARN_UNDECLARED_SELECTOR = YES;
				GCC_WARN_UNINITIALIZED_AUTOS = YES_AGGRESSIVE;
				GCC_WARN_UNUSED_FUNCTION = YES;
				GCC_WARN_UNUSED_VARIABLE = YES;
				IPHONEOS_DEPLOYMENT_TARGET = 9.2;
				MTL_ENABLE_DEBUG_INFO = NO;
				SDKROOT = iphoneos;
				TARGETED_DEVICE_FAMILY = "1,2";
				VALIDATE_PRODUCT = YES;
			};
			name = Release;
		};
		D9CB58D11C7D9464004FBD98 /* Debug */ = {
			isa = XCBuildConfiguration;
			buildSettings = {
				ASSETCATALOG_COMPILER_APPICON_NAME = AppIcon;
				INFOPLIST_FILE = MethodSwizzling/Info.plist;
				LD_RUNPATH_SEARCH_PATHS = "$(inherited) @executable_path/Frameworks";
				PRODUCT_BUNDLE_IDENTIFIER = Lee.MethodSwizzling;
				PRODUCT_NAME = "$(TARGET_NAME)";
			};
			name = Debug;
		};
		D9CB58D21C7D9464004FBD98 /* Release */ = {
			isa = XCBuildConfiguration;
			buildSettings = {
				ASSETCATALOG_COMPILER_APPICON_NAME = AppIcon;
				INFOPLIST_FILE = MethodSwizzling/Info.plist;
				LD_RUNPATH_SEARCH_PATHS = "$(inherited) @executable_path/Frameworks";
				PRODUCT_BUNDLE_IDENTIFIER = Lee.MethodSwizzling;
				PRODUCT_NAME = "$(TARGET_NAME)";
			};
			name = Release;
		};
/* End XCBuildConfiguration section */

/* Begin XCConfigurationList section */
		D9CB58B41C7D9464004FBD98 /* Build configuration list for PBXProject "MethodSwizzling" */ = {
			isa = XCConfigurationList;
			buildConfigurations = (
				D9CB58CE1C7D9464004FBD98 /* Debug */,
				D9CB58CF1C7D9464004FBD98 /* Release */,
			);
			defaultConfigurationIsVisible = 0;
			defaultConfigurationName = Release;
		};
		D9CB58D01C7D9464004FBD98 /* Build configuration list for PBXNativeTarget "MethodSwizzling" */ = {
			isa = XCConfigurationList;
			buildConfigurations = (
				D9CB58D11C7D9464004FBD98 /* Debug */,
				D9CB58D21C7D9464004FBD98 /* Release */,
			);
			defaultConfigurationIsVisible = 0;
			defaultConfigurationName = Release;
		};
/* End XCConfigurationList section */
	};
	rootObject = D9CB58B11C7D9464004FBD98 /* Project object */;
}
